
Microsoft Visual Studio Solution File, Format Version 12.00
# Visual Studio Version 16
VisualStudioVersion = 16.0.31605.320
MinimumVisualStudioVersion = 10.0.40219.1
Project("{FAE04EC0-301F-11D3-BF4B-00C04F79EFBC}") = "AppAutoClick", "AppAutoClick\AppAutoClick.csproj", "{D53CFC0A-C962-4421-B432-E798D54F02D9}"
EndProject
Global
	GlobalSection(SolutionConfigurationPlatforms) = preSolution
		Debug|Any CPU = Debug|Any CPU
		Release|Any CPU = Release|Any CPU
	EndGlobalSection
	GlobalSection(ProjectConfigurationPlatforms) = postSolution
		{D53CFC0A-C962-4421-B432-E798D54F02D9}.Debug|Any CPU.ActiveCfg = Debug|Any CPU
		{D53CFC0A-C962-4421-B432-E798D54F02D9}.Debug|Any CPU.Build.0 = Debug|Any CPU
		{D53CFC0A-C962-4421-B432-E798D54F02D9}.Release|Any CPU.ActiveCfg = Release|Any CPU
		{D53CFC0A-C962-4421-B432-E798D54F02D9}.Release|Any CPU.Build.0 = Release|Any CPU
	EndGlobalSection
	GlobalSection(SolutionProperties) = preSolution
		HideSolutionNode = FALSE
	EndGlobalSection
	GlobalSection(ExtensibilityGlobals) = postSolution
		SolutionGuid = {CA1F2981-46DA-4980-9B0D-A51A56BF4ED6}
	EndGlobalSection
EndGlobal
